
Microsoft Visual Studio Solution File, Format Version 12.00
# Visual Studio Version 17
VisualStudioVersion = 17.8.34330.188
MinimumVisualStudioVersion = 10.0.40219.1
Project("{FAE04EC0-301F-11D3-BF4B-00C04F79EFBC}") = "ConsoleApp1", "ConsoleApp1\ConsoleApp1.csproj", "{DDBB9705-03B7-4A19-92E4-B06318D4D5F6}"
EndProject
Global
	GlobalSection(SolutionConfigurationPlatforms) = preSolution
		Debug|Any CPU = Debug|Any CPU
		Release|Any CPU = Release|Any CPU
	EndGlobalSection
	GlobalSection(ProjectConfigurationPlatforms) = postSolution
		{DDBB9705-03B7-4A19-92E4-B06318D4D5F6}.Debug|Any CPU.ActiveCfg = Debug|Any CPU
		{DDBB9705-03B7-4A19-92E4-B06318D4D5F6}.Debug|Any CPU.Build.0 = Debug|Any CPU
		{DDBB9705-03B7-4A19-92E4-B06318D4D5F6}.Release|Any CPU.ActiveCfg = Release|Any CPU
		{DDBB9705-03B7-4A19-92E4-B06318D4D5F6}.Release|Any CPU.Build.0 = Release|Any CPU
	EndGlobalSection
	GlobalSection(SolutionProperties) = preSolution
		HideSolutionNode = FALSE
	EndGlobalSection
	GlobalSection(ExtensibilityGlobals) = postSolution
		SolutionGuid = {707D4E75-6F89-42C7-B704-5B9CF3B19A3A}
	EndGlobalSection
EndGlobal
